// !$*UTF8*$!
{
	archiveVersion = 1;
	classes = {
	};
	objectVersion = 50;
	objects = {

/* Begin PBXBuildFile section */
		EEDACB5F262E08210028F85E /* serialDetectorApp.swift in Sources */ = {isa = PBXBuildFile; fileRef = EEDACB4C262E081F0028F85E /* serialDetectorApp.swift */; };
		EEDACB60262E08210028F85E /* serialDetectorApp.swift in Sources */ = {isa = PBXBuildFile; fileRef = EEDACB4C262E081F0028F85E /* serialDetectorApp.swift */; };
		EEDACB61262E08210028F85E /* ContentView.swift in Sources */ = {isa = PBXBuildFile; fileRef = EEDACB4D262E081F0028F85E /* ContentView.swift */; };
		EEDACB62262E08210028F85E /* ContentView.swift in Sources */ = {isa = PBXBuildFile; fileRef = EEDACB4D262E081F0028F85E /* ContentView.swift */; };
		EEDACB63262E08210028F85E /* Assets.xcassets in Resources */ = {isa = PBXBuildFile; fileRef = EEDACB4E262E08210028F85E /* Assets.xcassets */; };
		EEDACB64262E08210028F85E /* Assets.xcassets in Resources */ = {isa = PBXBuildFile; fileRef = EEDACB4E262E08210028F85E /* Assets.xcassets */; };
/* End PBXBuildFile section */

/* Begin PBXFileReference section */
		EEDACB4C262E081F0028F85E /* serialDetectorApp.swift */ = {isa = PBXFileReference; lastKnownFileType = sourcecode.swift; path = serialDetectorApp.swift; sourceTree = "<group>"; };
		EEDACB4D262E081F0028F85E /* ContentView.swift */ = {isa = PBXFileReference; lastKnownFileType = sourcecode.swift; path = ContentView.swift; sourceTree = "<group>"; };
		EEDACB4E262E08210028F85E /* Assets.xcassets */ = {isa = PBXFileReference; lastKnownFileType = folder.assetcatalog; path = Assets.xcassets; sourceTree = "<group>"; };
		EEDACB53262E08210028F85E /* serialDetector.app */ = {isa = PBXFileReference; explicitFileType = wrapper.application; includeInIndex = 0; path = serialDetector.app; sourceTree = BUILT_PRODUCTS_DIR; };
		EEDACB56262E08210028F85E /* Info.plist */ = {isa = PBXFileReference; lastKnownFileType = text.plist.xml; path = Info.plist; sourceTree = "<group>"; };
		EEDACB5B262E08210028F85E /* serialDetector.app */ = {isa = PBXFileReference; explicitFileType = wrapper.application; includeInIndex = 0; path = serialDetector.app; sourceTree = BUILT_PRODUCTS_DIR; };
		EEDACB5D262E08210028F85E /* Info.plist */ = {isa = PBXFileReference; lastKnownFileType = text.plist.xml; path = Info.plist; sourceTree = "<group>"; };
		EEDACB5E262E08210028F85E /* macOS.entitlements */ = {isa = PBXFileReference; lastKnownFileType = text.plist.entitlements; path = macOS.entitlements; sourceTree = "<group>"; };
/* End PBXFileReference section */

/* Begin PBXFrameworksBuildPhase section */
		EEDACB50262E08210028F85E /* Frameworks */ = {
			isa = PBXFrameworksBuildPhase;
			buildActionMask = 2147483647;
			files = (
			);
			runOnlyForDeploymentPostprocessing = 0;
		};
		EEDACB58262E08210028F85E /* Frameworks */ = {
			isa = PBXFrameworksBuildPhase;
			buildActionMask = 2147483647;
			files = (
			);
			runOnlyForDeploymentPostprocessing = 0;
		};
/* End PBXFrameworksBuildPhase section */

/* Begin PBXGroup section */
		EEDACB46262E081F0028F85E = {
			isa = PBXGroup;
			children = (
				EEDACB4B262E081F0028F85E /* Shared */,
				EEDACB55262E08210028F85E /* iOS */,
				EEDACB5C262E08210028F85E /* macOS */,
				EEDACB54262E08210028F85E /* Products */,
			);
			sourceTree = "<group>";
		};
		EEDACB4B262E081F0028F85E /* Shared */ = {
			isa = PBXGroup;
			children = (
				EEDACB4C262E081F0028F85E /* serialDetectorApp.swift */,
				EEDACB4D262E081F0028F85E /* ContentView.swift */,
				EEDACB4E262E08210028F85E /* Assets.xcassets */,
			);
			path = Shared;
			sourceTree = "<group>";
		};
		EEDACB54262E08210028F85E /* Products */ = {
			isa = PBXGroup;
			children = (
				EEDACB53262E08210028F85E /* serialDetector.app */,
				EEDACB5B262E08210028F85E /* serialDetector.app */,
			);
			name = Products;
			sourceTree = "<group>";
		};
		EEDACB55262E08210028F85E /* iOS */ = {
			isa = PBXGroup;
			children = (
				EEDACB56262E08210028F85E /* Info.plist */,
			);
			path = iOS;
			sourceTree = "<group>";
		};
		EEDACB5C262E08210028F85E /* macOS */ = {
			isa = PBXGroup;
			children = (
				EEDACB5D262E08210028F85E /* Info.plist */,
				EEDACB5E262E08210028F85E /* macOS.entitlements */,
			);
			path = macOS;
			sourceTree = "<group>";
		};
/* End PBXGroup section */

/* Begin PBXNativeTarget section */
		EEDACB52262E08210028F85E /* serialDetector (iOS) */ = {
			isa = PBXNativeTarget;
			buildConfigurationList = EEDACB67262E08210028F85E /* Build configuration list for PBXNativeTarget "serialDetector (iOS)" */;
			buildPhases = (
				EEDACB4F262E08210028F85E /* Sources */,
				EEDACB50262E08210028F85E /* Frameworks */,
				EEDACB51262E08210028F85E /* Resources */,
			);
			buildRules = (
			);
			dependencies = (
			);
			name = "serialDetector (iOS)";
			productName = "serialDetector (iOS)";
			productReference = EEDACB53262E08210028F85E /* serialDetector.app */;
			productType = "com.apple.product-type.application";
		};
		EEDACB5A262E08210028F85E /* serialDetector (macOS) */ = {
			isa = PBXNativeTarget;
			buildConfigurationList = EEDACB6A262E08210028F85E /* Build configuration list for PBXNativeTarget "serialDetector (macOS)" */;
			buildPhases = (
				EEDACB57262E08210028F85E /* Sources */,
				EEDACB58262E08210028F85E /* Frameworks */,
				EEDACB59262E08210028F85E /* Resources */,
			);
			buildRules = (
			);
			dependencies = (
			);
			name = "serialDetector (macOS)";
			productName = "serialDetector (macOS)";
			productReference = EEDACB5B262E08210028F85E /* serialDetector.app */;
			productType = "com.apple.product-type.application";
		};
/* End PBXNativeTarget section */

/* Begin PBXProject section */
		EEDACB47262E081F0028F85E /* Project object */ = {
			isa = PBXProject;
			attributes = {
				LastSwiftUpdateCheck = 1240;
				LastUpgradeCheck = 1240;
				TargetAttributes = {
					EEDACB52262E08210028F85E = {
						CreatedOnToolsVersion = 12.4;
					};
					EEDACB5A262E08210028F85E = {
						CreatedOnToolsVersion = 12.4;
					};
				};
			};
			buildConfigurationList = EEDACB4A262E081F0028F85E /* Build configuration list for PBXProject "serialDetector" */;
			compatibilityVersion = "Xcode 9.3";
			developmentRegion = en;
			hasScannedForEncodings = 0;
			knownRegions = (
				en,
				Base,
			);
			mainGroup = EEDACB46262E081F0028F85E;
			productRefGroup = EEDACB54262E08210028F85E /* Products */;
			projectDirPath = "";
			projectRoot = "";
			targets = (
				EEDACB52262E08210028F85E /* serialDetector (iOS) */,
				EEDACB5A262E08210028F85E /* serialDetector (macOS) */,
			);
		};
/* End PBXProject section */

/* Begin PBXResourcesBuildPhase section */
		EEDACB51262E08210028F85E /* Resources */ = {
			isa = PBXResourcesBuildPhase;
			buildActionMask = 2147483647;
			files = (
				EEDACB63262E08210028F85E /* Assets.xcassets in Resources */,
			);
			runOnlyForDeploymentPostprocessing = 0;
		};
		EEDACB59262E08210028F85E /* Resources */ = {
			isa = PBXResourcesBuildPhase;
			buildActionMask = 2147483647;
			files = (
				EEDACB64262E08210028F85E /* Assets.xcassets in Resources */,
			);
			runOnlyForDeploymentPostprocessing = 0;
		};
/* End PBXResourcesBuildPhase section */

/* Begin PBXSourcesBuildPhase section */
		EEDACB4F262E08210028F85E /* Sources */ = {
			isa = PBXSourcesBuildPhase;
			buildActionMask = 2147483647;
			files = (
				EEDACB61262E08210028F85E /* ContentView.swift in Sources */,
				EEDACB5F262E08210028F85E /* serialDetectorApp.swift in Sources */,
			);
			runOnlyForDeploymentPostprocessing = 0;
		};
		EEDACB57262E08210028F85E /* Sources */ = {
			isa = PBXSourcesBuildPhase;
			buildActionMask = 2147483647;
			files = (
				EEDACB62262E08210028F85E /* ContentView.swift in Sources */,
				EEDACB60262E08210028F85E /* serialDetectorApp.swift in Sources */,
			);
			runOnlyForDeploymentPostprocessing = 0;
		};
/* End PBXSourcesBuildPhase section */

/* Begin XCBuildConfiguration section */
		EEDACB65262E08210028F85E /* Debug */ = {
			isa = XCBuildConfiguration;
			buildSettings = {
				ALWAYS_SEARCH_USER_PATHS = NO;
				CLANG_ANALYZER_NONNULL = YES;
				CLANG_ANALYZER_NUMBER_OBJECT_CONVERSION = YES_AGGRESSIVE;
				CLANG_CXX_LANGUAGE_STANDARD = "gnu++14";
				CLANG_CXX_LIBRARY = "libc++";
				CLANG_ENABLE_MODULES = YES;
				CLANG_ENABLE_OBJC_ARC = YES;
				CLANG_ENABLE_OBJC_WEAK = YES;
				CLANG_WARN_BLOCK_CAPTURE_AUTORELEASING = YES;
				CLANG_WARN_BOOL_CONVERSION = YES;
				CLANG_WARN_COMMA = YES;
				CLANG_WARN_CONSTANT_CONVERSION = YES;
				CLANG_WARN_DEPRECATED_OBJC_IMPLEMENTATIONS = YES;
				CLANG_WARN_DIRECT_OBJC_ISA_USAGE = YES_ERROR;
				CLANG_WARN_DOCUMENTATION_COMMENTS = YES;
				CLANG_WARN_EMPTY_BODY = YES;
				CLANG_WARN_ENUM_CONVERSION = YES;
				CLANG_WARN_INFINITE_RECURSION = YES;
				CLANG_WARN_INT_CONVERSION = YES;
				CLANG_WARN_NON_LITERAL_NULL_CONVERSION = YES;
				CLANG_WARN_OBJC_IMPLICIT_RETAIN_SELF = YES;
				CLANG_WARN_OBJC_LITERAL_CONVERSION = YES;
				CLANG_WARN_OBJC_ROOT_CLASS = YES_ERROR;
				CLANG_WARN_QUOTED_INCLUDE_IN_FRAMEWORK_HEADER = YES;
				CLANG_WARN_RANGE_LOOP_ANALYSIS = YES;
				CLANG_WARN_STRICT_PROTOTYPES = YES;
				CLANG_WARN_SUSPICIOUS_MOVE = YES;
				CLANG_WARN_UNGUARDED_AVAILABILITY = YES_AGGRESSIVE;
				CLANG_WARN_UNREACHABLE_CODE = YES;
				CLANG_WARN__DUPLICATE_METHOD_MATCH = YES;
				COPY_PHASE_STRIP = NO;
				DEBUG_INFORMATION_FORMAT = dwarf;
				ENABLE_STRICT_OBJC_MSGSEND = YES;
				ENABLE_TESTABILITY = YES;
				GCC_C_LANGUAGE_STANDARD = gnu11;
				GCC_DYNAMIC_NO_PIC = NO;
				GCC_NO_COMMON_BLOCKS = YES;
				GCC_OPTIMIZATION_LEVEL = 0;
				GCC_PREPROCESSOR_DEFINITIONS = (
					"DEBUG=1",
					"$(inherited)",
				);
				GCC_WARN_64_TO_32_BIT_CONVERSION = YES;
				GCC_WARN_ABOUT_RETURN_TYPE = YES_ERROR;
				GCC_WARN_UNDECLARED_SELECTOR = YES;
				GCC_WARN_UNINITIALIZED_AUTOS = YES_AGGRESSIVE;
				GCC_WARN_UNUSED_FUNCTION = YES;
				GCC_WARN_UNUSED_VARIABLE = YES;
				MTL_ENABLE_DEBUG_INFO = INCLUDE_SOURCE;
				MTL_FAST_MATH = YES;
				ONLY_ACTIVE_ARCH = YES;
				SWIFT_ACTIVE_COMPILATION_CONDITIONS = DEBUG;
				SWIFT_OPTIMIZATION_LEVEL = "-Onone";
			};
			name = Debug;
		};
		EEDACB66262E08210028F85E /* Release */ = {
			isa = XCBuildConfiguration;
			buildSettings = {
				ALWAYS_SEARCH_USER_PATHS = NO;
				CLANG_ANALYZER_NONNULL = YES;
				CLANG_ANALYZER_NUMBER_OBJECT_CONVERSION = YES_AGGRESSIVE;
				CLANG_CXX_LANGUAGE_STANDARD = "gnu++14";
				CLANG_CXX_LIBRARY = "libc++";
				CLANG_ENABLE_MODULES = YES;
				CLANG_ENABLE_OBJC_ARC = YES;
				CLANG_ENABLE_OBJC_WEAK = YES;
				CLANG_WARN_BLOCK_CAPTURE_AUTORELEASING = YES;
				CLANG_WARN_BOOL_CONVERSION = YES;
				CLANG_WARN_COMMA = YES;
				CLANG_WARN_CONSTANT_CONVERSION = YES;
				CLANG_WARN_DEPRECATED_OBJC_IMPLEMENTATIONS = YES;
				CLANG_WARN_DIRECT_OBJC_ISA_USAGE = YES_ERROR;
				CLANG_WARN_DOCUMENTATION_COMMENTS = YES;
				CLANG_WARN_EMPTY_BODY = YES;
				CLANG_WARN_ENUM_CONVERSION = YES;
				CLANG_WARN_INFINITE_RECURSION = YES;
				CLANG_WARN_INT_CONVERSION = YES;
				CLANG_WARN_NON_LITERAL_NULL_CONVERSION = YES;
				CLANG_WARN_OBJC_IMPLICIT_RETAIN_SELF = YES;
				CLANG_WARN_OBJC_LITERAL_CONVERSION = YES;
				CLANG_WARN_OBJC_ROOT_CLASS = YES_ERROR;
				CLANG_WARN_QUOTED_INCLUDE_IN_FRAMEWORK_HEADER = YES;
				CLANG_WARN_RANGE_LOOP_ANALYSIS = YES;
				CLANG_WARN_STRICT_PROTOTYPES = YES;
				CLANG_WARN_SUSPICIOUS_MOVE = YES;
				CLANG_WARN_UNGUARDED_AVAILABILITY = YES_AGGRESSIVE;
				CLANG_WARN_UNREACHABLE_CODE = YES;
				CLANG_WARN__DUPLICATE_METHOD_MATCH = YES;
				COPY_PHASE_STRIP = NO;
				DEBUG_INFORMATION_FORMAT = "dwarf-with-dsym";
				ENABLE_NS_ASSERTIONS = NO;
				ENABLE_STRICT_OBJC_MSGSEND = YES;
				GCC_C_LANGUAGE_STANDARD = gnu11;
				GCC_NO_COMMON_BLOCKS = YES;
				GCC_WARN_64_TO_32_BIT_CONVERSION = YES;
				GCC_WARN_ABOUT_RETURN_TYPE = YES_ERROR;
				GCC_WARN_UNDECLARED_SELECTOR = YES;
				GCC_WARN_UNINITIALIZED_AUTOS = YES_AGGRESSIVE;
				GCC_WARN_UNUSED_FUNCTION = YES;
				GCC_WARN_UNUSED_VARIABLE = YES;
				MTL_ENABLE_DEBUG_INFO = NO;
				MTL_FAST_MATH = YES;
				SWIFT_COMPILATION_MODE = wholemodule;
				SWIFT_OPTIMIZATION_LEVEL = "-O";
			};
			name = Release;
		};
		EEDACB68262E08210028F85E /* Debug */ = {
			isa = XCBuildConfiguration;
			buildSettings = {
				ASSETCATALOG_COMPILER_APPICON_NAME = AppIcon;
				ASSETCATALOG_COMPILER_GLOBAL_ACCENT_COLOR_NAME = AccentColor;
				CODE_SIGN_STYLE = Automatic;
				DEVELOPMENT_TEAM = AVSMHN95G3;
				ENABLE_PREVIEWS = YES;
				INFOPLIST_FILE = iOS/Info.plist;
				IPHONEOS_DEPLOYMENT_TARGET = 14.0;
				LD_RUNPATH_SEARCH_PATHS = (
					"$(inherited)",
					"@executable_path/Frameworks",
				);
				PRODUCT_BUNDLE_IDENTIFIER = com.khb.serialDetector;
				PRODUCT_NAME = serialDetector;
				SDKROOT = iphoneos;
				SWIFT_VERSION = 5.0;
				TARGETED_DEVICE_FAMILY = "1,2";
			};
			name = Debug;
		};
		EEDACB69262E08210028F85E /* Release */ = {
			isa = XCBuildConfiguration;
			buildSettings = {
				ASSETCATALOG_COMPILER_APPICON_NAME = AppIcon;
				ASSETCATALOG_COMPILER_GLOBAL_ACCENT_COLOR_NAME = AccentColor;
				CODE_SIGN_STYLE = Automatic;
				DEVELOPMENT_TEAM = AVSMHN95G3;
				ENABLE_PREVIEWS = YES;
				INFOPLIST_FILE = iOS/Info.plist;
				IPHONEOS_DEPLOYMENT_TARGET = 14.0;
				LD_RUNPATH_SEARCH_PATHS = (
					"$(inherited)",
					"@executable_path/Frameworks",
				);
				PRODUCT_BUNDLE_IDENTIFIER = com.khb.serialDetector;
				PRODUCT_NAME = serialDetector;
				SDKROOT = iphoneos;
				SWIFT_VERSION = 5.0;
				TARGETED_DEVICE_FAMILY = "1,2";
				VALIDATE_PRODUCT = YES;
			};
			name = Release;
		};
		EEDACB6B262E08210028F85E /* Debug */ = {
			isa = XCBuildConfiguration;
			buildSettings = {
				ASSETCATALOG_COMPILER_APPICON_NAME = AppIcon;
				ASSETCATALOG_COMPILER_GLOBAL_ACCENT_COLOR_NAME = AccentColor;
				CODE_SIGN_ENTITLEMENTS = macOS/macOS.entitlements;
				CODE_SIGN_STYLE = Automatic;
				COMBINE_HIDPI_IMAGES = YES;
				DEVELOPMENT_TEAM = AVSMHN95G3;
				ENABLE_HARDENED_RUNTIME = YES;
				ENABLE_PREVIEWS = YES;
				INFOPLIST_FILE = macOS/Info.plist;
				LD_RUNPATH_SEARCH_PATHS = (
					"$(inherited)",
					"@executable_path/../Frameworks",
				);
				MACOSX_DEPLOYMENT_TARGET = 11.0;
				PRODUCT_BUNDLE_IDENTIFIER = com.khb.serialDetector;
				PRODUCT_NAME = serialDetector;
				SDKROOT = macosx;
				SWIFT_VERSION = 5.0;
			};
			name = Debug;
		};
		EEDACB6C262E08210028F85E /* Release */ = {
			isa = XCBuildConfiguration;
			buildSettings = {
				ASSETCATALOG_COMPILER_APPICON_NAME = AppIcon;
				ASSETCATALOG_COMPILER_GLOBAL_ACCENT_COLOR_NAME = AccentColor;
				CODE_SIGN_ENTITLEMENTS = macOS/macOS.entitlements;
				CODE_SIGN_STYLE = Automatic;
				COMBINE_HIDPI_IMAGES = YES;
				DEVELOPMENT_TEAM = AVSMHN95G3;
				ENABLE_HARDENED_RUNTIME = YES;
				ENABLE_PREVIEWS = YES;
				INFOPLIST_FILE = macOS/Info.plist;
				LD_RUNPATH_SEARCH_PATHS = (
					"$(inherited)",
					"@executable_path/../Frameworks",
				);
				MACOSX_DEPLOYMENT_TARGET = 11.0;
				PRODUCT_BUNDLE_IDENTIFIER = com.khb.serialDetector;
				PRODUCT_NAME = serialDetector;
				SDKROOT = macosx;
				SWIFT_VERSION = 5.0;
			};
			name = Release;
		};
/* End XCBuildConfiguration section */

/* Begin XCConfigurationList section */
		EEDACB4A262E081F0028F85E /* Build configuration list for PBXProject "serialDetector" */ = {
			isa = XCConfigurationList;
			buildConfigurations = (
				EEDACB65262E08210028F85E /* Debug */,
				EEDACB66262E08210028F85E /* Release */,
			);
			defaultConfigurationIsVisible = 0;
			defaultConfigurationName = Release;
		};
		EEDACB67262E08210028F85E /* Build configuration list for PBXNativeTarget "serialDetector (iOS)" */ = {
			isa = XCConfigurationList;
			buildConfigurations = (
				EEDACB68262E08210028F85E /* Debug */,
				EEDACB69262E08210028F85E /* Release */,
			);
			defaultConfigurationIsVisible = 0;
			defaultConfigurationName = Release;
		};
		EEDACB6A262E08210028F85E /* Build configuration list for PBXNativeTarget "serialDetector (macOS)" */ = {
			isa = XCConfigurationList;
			buildConfigurations = (
				EEDACB6B262E08210028F85E /* Debug */,
				EEDACB6C262E08210028F85E /* Release */,
			);
			defaultConfigurationIsVisible = 0;
			defaultConfigurationName = Release;
		};
/* End XCConfigurationList section */
	};
	rootObject = EEDACB47262E081F0028F85E /* Project object */;
}
